lockVersion: 2.0.0
id: f97e0ef8-ffeb-4da5-acf3-601870059941
management:
  docChecksum: 6c21740586dc70857c66f118af034616
  docVersion: 9.9.2
  speakeasyVersion: 1.228.1
  generationVersion: 2.292.0
  releaseVersion: 0.3.0
  configChecksum: 0667442745b8081645dbf83ce92d9ce1
  repoURL: https://github.com/speakeasy-sdks/apideck-java.git
  repoSubDirectory: .
  published: true
features:
  java:
    constsAndDefaults: 0.1.1
    core: 3.16.2
    deprecations: 2.81.1
    examples: 2.81.3
    globalSecurity: 2.82.5
    globalServerURLs: 2.82.1
    globals: 2.82.1
    groups: 2.81.2
    inputOutputModels: 2.83.0
    nameOverrides: 2.81.2
    unions: 0.0.3
generatedFiles:
  - src/main/java/apideck/ats/apideck/SecuritySource.java
  - src/main/java/apideck/ats/apideck/SDKConfiguration.java
  - src/main/java/apideck/ats/apideck/Applicants.java
  - src/main/java/apideck/ats/apideck/Applications.java
  - src/main/java/apideck/ats/apideck/Jobs.java
  - src/main/java/apideck/ats/apideck/Ats.java
  - src/main/java/apideck/ats/apideck/models/operations/ApplicantsAddRequestBuilder.java
  - src/main/java/apideck/ats/apideck/models/operations/ApplicantsAllRequestBuilder.java
  - src/main/java/apideck/ats/apideck/models/operations/ApplicantsDeleteRequestBuilder.java
  - src/main/java/apideck/ats/apideck/models/operations/ApplicantsOneRequestBuilder.java
  - src/main/java/apideck/ats/apideck/models/operations/ApplicantsUpdateRequestBuilder.java
  - src/main/java/apideck/ats/apideck/models/operations/ApplicationsAddRequestBuilder.java
  - src/main/java/apideck/ats/apideck/models/operations/ApplicationsAllRequestBuilder.java
  - src/main/java/apideck/ats/apideck/models/operations/ApplicationsDeleteRequestBuilder.java
  - src/main/java/apideck/ats/apideck/models/operations/ApplicationsOneRequestBuilder.java
  - src/main/java/apideck/ats/apideck/models/operations/ApplicationsUpdateRequestBuilder.java
  - src/main/java/apideck/ats/apideck/models/operations/JobsAllRequestBuilder.java
  - src/main/java/apideck/ats/apideck/models/operations/JobsOneRequestBuilder.java
  - src/main/java/apideck/ats/apideck/models/operations/SDKMethodInterfaces.java
  - src/main/java/apideck/ats/apideck/Apideck.java
  - .gitattributes
  - build.gradle
  - gradle/wrapper/gradle-wrapper.jar
  - gradle/wrapper/gradle-wrapper.properties
  - gradlew
  - gradlew.bat
  - settings.gradle
  - src/main/java/apideck/ats/apideck/utils/BackoffStrategy.java
  - src/main/java/apideck/ats/apideck/utils/BigDecimalString.java
  - src/main/java/apideck/ats/apideck/utils/BigIntegerString.java
  - src/main/java/apideck/ats/apideck/utils/Deserializers.java
  - src/main/java/apideck/ats/apideck/utils/FormMetadata.java
  - src/main/java/apideck/ats/apideck/utils/HTTPClient.java
  - src/main/java/apideck/ats/apideck/utils/HTTPRequest.java
  - src/main/java/apideck/ats/apideck/utils/HeaderMetadata.java
  - src/main/java/apideck/ats/apideck/utils/JSON.java
  - src/main/java/apideck/ats/apideck/utils/LazySingletonValue.java
  - src/main/java/apideck/ats/apideck/utils/Metadata.java
  - src/main/java/apideck/ats/apideck/utils/MultipartFormMetadata.java
  - src/main/java/apideck/ats/apideck/utils/OneOfDeserializer.java
  - src/main/java/apideck/ats/apideck/utils/Options.java
  - src/main/java/apideck/ats/apideck/utils/PathParamsMetadata.java
  - src/main/java/apideck/ats/apideck/utils/QueryParameters.java
  - src/main/java/apideck/ats/apideck/utils/QueryParamsMetadata.java
  - src/main/java/apideck/ats/apideck/utils/RequestBody.java
  - src/main/java/apideck/ats/apideck/utils/RequestMetadata.java
  - src/main/java/apideck/ats/apideck/utils/Response.java
  - src/main/java/apideck/ats/apideck/utils/Retries.java
  - src/main/java/apideck/ats/apideck/utils/RetryConfig.java
  - src/main/java/apideck/ats/apideck/utils/Security.java
  - src/main/java/apideck/ats/apideck/utils/SecurityMetadata.java
  - src/main/java/apideck/ats/apideck/utils/SerializedBody.java
  - src/main/java/apideck/ats/apideck/utils/SpeakeasyHTTPClient.java
  - src/main/java/apideck/ats/apideck/utils/SpeakeasyHTTPSecurityClient.java
  - src/main/java/apideck/ats/apideck/utils/SpeakeasyMetadata.java
  - src/main/java/apideck/ats/apideck/utils/TypedObject.java
  - src/main/java/apideck/ats/apideck/utils/Types.java
  - src/main/java/apideck/ats/apideck/utils/Utils.java
  - src/main/java/apideck/ats/apideck/models/errors/SDKError.java
  - src/main/java/apideck/ats/apideck/models/operations/ApplicantsAddRequest.java
  - src/main/java/apideck/ats/apideck/models/operations/ApplicantsAddResponse.java
  - src/main/java/apideck/ats/apideck/models/operations/ApplicantsAllRequest.java
  - src/main/java/apideck/ats/apideck/models/operations/ApplicantsAllResponse.java
  - src/main/java/apideck/ats/apideck/models/operations/ApplicantsDeleteRequest.java
  - src/main/java/apideck/ats/apideck/models/operations/ApplicantsDeleteResponse.java
  - src/main/java/apideck/ats/apideck/models/operations/ApplicantsOneRequest.java
  - src/main/java/apideck/ats/apideck/models/operations/ApplicantsOneResponse.java
  - src/main/java/apideck/ats/apideck/models/operations/ApplicantsUpdateRequest.java
  - src/main/java/apideck/ats/apideck/models/operations/ApplicantsUpdateResponse.java
  - src/main/java/apideck/ats/apideck/models/operations/ApplicationsAddRequest.java
  - src/main/java/apideck/ats/apideck/models/operations/ApplicationsAddResponse.java
  - src/main/java/apideck/ats/apideck/models/operations/ApplicationsAllRequest.java
  - src/main/java/apideck/ats/apideck/models/operations/ApplicationsAllResponse.java
  - src/main/java/apideck/ats/apideck/models/operations/ApplicationsDeleteRequest.java
  - src/main/java/apideck/ats/apideck/models/operations/ApplicationsDeleteResponse.java
  - src/main/java/apideck/ats/apideck/models/operations/ApplicationsOneRequest.java
  - src/main/java/apideck/ats/apideck/models/operations/ApplicationsOneResponse.java
  - src/main/java/apideck/ats/apideck/models/operations/ApplicationsUpdateRequest.java
  - src/main/java/apideck/ats/apideck/models/operations/ApplicationsUpdateResponse.java
  - src/main/java/apideck/ats/apideck/models/operations/JobsAllRequest.java
  - src/main/java/apideck/ats/apideck/models/operations/JobsAllResponse.java
  - src/main/java/apideck/ats/apideck/models/operations/JobsOneRequest.java
  - src/main/java/apideck/ats/apideck/models/operations/JobsOneResponse.java
  - src/main/java/apideck/ats/apideck/models/shared/UnprocessableResponse.java
  - src/main/java/apideck/ats/apideck/models/shared/UnexpectedErrorResponse2.java
  - src/main/java/apideck/ats/apideck/models/shared/UnexpectedErrorResponseDetail.java
  - src/main/java/apideck/ats/apideck/models/shared/UnexpectedErrorResponse.java
  - src/main/java/apideck/ats/apideck/models/shared/UnauthorizedResponse.java
  - src/main/java/apideck/ats/apideck/models/shared/PaymentRequiredResponse.java
  - src/main/java/apideck/ats/apideck/models/shared/NotFoundResponse2.java
  - src/main/java/apideck/ats/apideck/models/shared/NotFoundResponseDetail.java
  - src/main/java/apideck/ats/apideck/models/shared/NotFoundResponse.java
  - src/main/java/apideck/ats/apideck/models/shared/CreateApplicantResponse.java
  - src/main/java/apideck/ats/apideck/models/shared/UnifiedId.java
  - src/main/java/apideck/ats/apideck/models/shared/Two.java
  - src/main/java/apideck/ats/apideck/models/shared/Detail.java
  - src/main/java/apideck/ats/apideck/models/shared/BadRequestResponse.java
  - src/main/java/apideck/ats/apideck/models/shared/SocialLinks.java
  - src/main/java/apideck/ats/apideck/models/shared/ApplicantType.java
  - src/main/java/apideck/ats/apideck/models/shared/Websites.java
  - src/main/java/apideck/ats/apideck/models/shared/ApplicantInput.java
  - src/main/java/apideck/ats/apideck/models/shared/PhoneNumberType.java
  - src/main/java/apideck/ats/apideck/models/shared/PhoneNumber.java
  - src/main/java/apideck/ats/apideck/models/shared/EmailType.java
  - src/main/java/apideck/ats/apideck/models/shared/Email.java
  - src/main/java/apideck/ats/apideck/models/shared/Four.java
  - src/main/java/apideck/ats/apideck/models/shared/Value.java
  - src/main/java/apideck/ats/apideck/models/shared/CustomField.java
  - src/main/java/apideck/ats/apideck/models/shared/Type.java
  - src/main/java/apideck/ats/apideck/models/shared/Address.java
  - src/main/java/apideck/ats/apideck/models/shared/GetApplicantsResponse.java
  - src/main/java/apideck/ats/apideck/models/shared/Cursors.java
  - src/main/java/apideck/ats/apideck/models/shared/Meta.java
  - src/main/java/apideck/ats/apideck/models/shared/Links.java
  - src/main/java/apideck/ats/apideck/models/shared/Applicant.java
  - src/main/java/apideck/ats/apideck/models/shared/ApplicantsFilter.java
  - src/main/java/apideck/ats/apideck/models/shared/DeleteApplicantResponse.java
  - src/main/java/apideck/ats/apideck/models/shared/GetApplicantResponse.java
  - src/main/java/apideck/ats/apideck/models/shared/UpdateApplicantResponse.java
  - src/main/java/apideck/ats/apideck/models/shared/CreateApplicationResponse.java
  - src/main/java/apideck/ats/apideck/models/shared/Stage.java
  - src/main/java/apideck/ats/apideck/models/shared/Status.java
  - src/main/java/apideck/ats/apideck/models/shared/ApplicationInput.java
  - src/main/java/apideck/ats/apideck/models/shared/GetApplicationsResponse.java
  - src/main/java/apideck/ats/apideck/models/shared/Application.java
  - src/main/java/apideck/ats/apideck/models/shared/DeleteApplicationResponse.java
  - src/main/java/apideck/ats/apideck/models/shared/GetApplicationResponse.java
  - src/main/java/apideck/ats/apideck/models/shared/UpdateApplicationResponse.java
  - src/main/java/apideck/ats/apideck/models/shared/GetJobsResponse.java
  - src/main/java/apideck/ats/apideck/models/shared/Blocks.java
  - src/main/java/apideck/ats/apideck/models/shared/Branch.java
  - src/main/java/apideck/ats/apideck/models/shared/EmploymentTerms.java
  - src/main/java/apideck/ats/apideck/models/shared/JobType.java
  - src/main/java/apideck/ats/apideck/models/shared/JobLinks.java
  - src/main/java/apideck/ats/apideck/models/shared/Salary.java
  - src/main/java/apideck/ats/apideck/models/shared/Visibility.java
  - src/main/java/apideck/ats/apideck/models/shared/Job.java
  - src/main/java/apideck/ats/apideck/models/shared/JobStatus.java
  - src/main/java/apideck/ats/apideck/models/shared/Currency.java
  - src/main/java/apideck/ats/apideck/models/shared/Department.java
  - src/main/java/apideck/ats/apideck/models/shared/GetJobResponse.java
  - src/main/java/apideck/ats/apideck/models/shared/Security.java
  - docs/models/operations/ApplicantsAddRequest.md
  - docs/models/operations/ApplicantsAddResponse.md
  - docs/models/operations/ApplicantsAllRequest.md
  - docs/models/operations/ApplicantsAllResponse.md
  - docs/models/operations/ApplicantsDeleteRequest.md
  - docs/models/operations/ApplicantsDeleteResponse.md
  - docs/models/operations/ApplicantsOneRequest.md
  - docs/models/operations/ApplicantsOneResponse.md
  - docs/models/operations/ApplicantsUpdateRequest.md
  - docs/models/operations/ApplicantsUpdateResponse.md
  - docs/models/operations/ApplicationsAddRequest.md
  - docs/models/operations/ApplicationsAddResponse.md
  - docs/models/operations/ApplicationsAllRequest.md
  - docs/models/operations/ApplicationsAllResponse.md
  - docs/models/operations/ApplicationsDeleteRequest.md
  - docs/models/operations/ApplicationsDeleteResponse.md
  - docs/models/operations/ApplicationsOneRequest.md
  - docs/models/operations/ApplicationsOneResponse.md
  - docs/models/operations/ApplicationsUpdateRequest.md
  - docs/models/operations/ApplicationsUpdateResponse.md
  - docs/models/operations/JobsAllRequest.md
  - docs/models/operations/JobsAllResponse.md
  - docs/models/operations/JobsOneRequest.md
  - docs/models/operations/JobsOneResponse.md
  - docs/models/shared/UnprocessableResponse.md
  - docs/models/shared/UnexpectedErrorResponse2.md
  - docs/models/shared/UnexpectedErrorResponseDetail.md
  - docs/models/shared/UnexpectedErrorResponse.md
  - docs/models/shared/UnauthorizedResponse.md
  - docs/models/shared/PaymentRequiredResponse.md
  - docs/models/shared/NotFoundResponse2.md
  - docs/models/shared/NotFoundResponseDetail.md
  - docs/models/shared/NotFoundResponse.md
  - docs/models/shared/CreateApplicantResponse.md
  - docs/models/shared/UnifiedId.md
  - docs/models/shared/Two.md
  - docs/models/shared/Detail.md
  - docs/models/shared/BadRequestResponse.md
  - docs/models/shared/SocialLinks.md
  - docs/models/shared/ApplicantType.md
  - docs/models/shared/Websites.md
  - docs/models/shared/ApplicantInput.md
  - docs/models/shared/PhoneNumberType.md
  - docs/models/shared/PhoneNumber.md
  - docs/models/shared/EmailType.md
  - docs/models/shared/Email.md
  - docs/models/shared/Four.md
  - docs/models/shared/Value.md
  - docs/models/shared/CustomField.md
  - docs/models/shared/Type.md
  - docs/models/shared/Address.md
  - docs/models/shared/GetApplicantsResponse.md
  - docs/models/shared/Cursors.md
  - docs/models/shared/Meta.md
  - docs/models/shared/Links.md
  - docs/models/shared/Applicant.md
  - docs/models/shared/ApplicantsFilter.md
  - docs/models/shared/DeleteApplicantResponse.md
  - docs/models/shared/GetApplicantResponse.md
  - docs/models/shared/UpdateApplicantResponse.md
  - docs/models/shared/CreateApplicationResponse.md
  - docs/models/shared/Stage.md
  - docs/models/shared/Status.md
  - docs/models/shared/ApplicationInput.md
  - docs/models/shared/GetApplicationsResponse.md
  - docs/models/shared/Application.md
  - docs/models/shared/DeleteApplicationResponse.md
  - docs/models/shared/GetApplicationResponse.md
  - docs/models/shared/UpdateApplicationResponse.md
  - docs/models/shared/GetJobsResponse.md
  - docs/models/shared/Blocks.md
  - docs/models/shared/Branch.md
  - docs/models/shared/EmploymentTerms.md
  - docs/models/shared/JobType.md
  - docs/models/shared/JobLinks.md
  - docs/models/shared/Salary.md
  - docs/models/shared/Visibility.md
  - docs/models/shared/Job.md
  - docs/models/shared/JobStatus.md
  - docs/models/shared/Currency.md
  - docs/models/shared/Department.md
  - docs/models/shared/GetJobResponse.md
  - docs/models/shared/Security.md
  - docs/sdks/apideck/README.md
  - docs/sdks/ats/README.md
  - docs/sdks/applicants/README.md
  - docs/sdks/applications/README.md
  - docs/sdks/jobs/README.md
  - USAGE.md
